// !$*UTF8*$!
{
	archiveVersion = 1;
	classes = {
	};
	objectVersion = 51;
	objects = {

/* Begin PBXBuildFile section */
		482E13FE2653A42E00A26C2A /* MyLibraryViewController.swift in Sources */ = {isa = PBXBuildFile; fileRef = 482E13FD2653A42E00A26C2A /* MyLibraryViewController.swift */; };
		48720B3A26663DEB0094FCFC /* GetHighlightDataService.swift in Sources */ = {isa = PBXBuildFile; fileRef = 48720B3926663DEB0094FCFC /* GetHighlightDataService.swift */; };
		48874080264FAFFE00997B82 /* Home.storyboard in Resources */ = {isa = PBXBuildFile; fileRef = 4887407F264FAFFE00997B82 /* Home.storyboard */; };
		48874083264FB02100997B82 /* Feed.storyboard in Resources */ = {isa = PBXBuildFile; fileRef = 48874082264FB02100997B82 /* Feed.storyboard */; };
		48874086264FB03600997B82 /* MyLibrary.storyboard in Resources */ = {isa = PBXBuildFile; fileRef = 48874085264FB03600997B82 /* MyLibrary.storyboard */; };
		488F9FFE26552F8400D16876 /* commentTableViewCell.swift in Sources */ = {isa = PBXBuildFile; fileRef = 488F9FFD26552F8400D16876 /* commentTableViewCell.swift */; };
		AB0E925E2667C44E00D56840 /* InaeBookService.swift in Sources */ = {isa = PBXBuildFile; fileRef = AB0E925D2667C44E00D56840 /* InaeBookService.swift */; };
		ABD5810E2654D06800DDB0D3 /* Lato-Bold.ttf in Resources */ = {isa = PBXBuildFile; fileRef = ABD5810D2654D06800DDB0D3 /* Lato-Bold.ttf */; };
		ABD581112654D09F00DDB0D3 /* NotoSerifKR-Medium.otf in Resources */ = {isa = PBXBuildFile; fileRef = ABD581102654D09F00DDB0D3 /* NotoSerifKR-Medium.otf */; };
		ABD581142654D39F00DDB0D3 /* UIColor+Extension.swift in Sources */ = {isa = PBXBuildFile; fileRef = ABD581132654D39F00DDB0D3 /* UIColor+Extension.swift */; };
		ABD5812D2655620900DDB0D3 /* TabBarController.swift in Sources */ = {isa = PBXBuildFile; fileRef = ABD5812C2655620900DDB0D3 /* TabBarController.swift */; };
		ABDAD7342652A07800862243 /* NotoSansKR-Bold.otf in Resources */ = {isa = PBXBuildFile; fileRef = ABDAD7312652A07700862243 /* NotoSansKR-Bold.otf */; };
		ABDAD7352652A07800862243 /* NotoSansKR-Medium.otf in Resources */ = {isa = PBXBuildFile; fileRef = ABDAD7322652A07700862243 /* NotoSansKR-Medium.otf */; };
		ABDAD7362652A07800862243 /* NotoSansKR-Regular.otf in Resources */ = {isa = PBXBuildFile; fileRef = ABDAD7332652A07800862243 /* NotoSansKR-Regular.otf */; };
		ABDAD7482652B21200862243 /* InaeNote.storyboard in Resources */ = {isa = PBXBuildFile; fileRef = ABDAD7472652B21200862243 /* InaeNote.storyboard */; };
		ABDAD74F2652B84700862243 /* UIImage+Extension.swift in Sources */ = {isa = PBXBuildFile; fileRef = ABDAD74E2652B84700862243 /* UIImage+Extension.swift */; };
		ABDAD7522652B90A00862243 /* UIView+Extension.swift in Sources */ = {isa = PBXBuildFile; fileRef = ABDAD7512652B90A00862243 /* UIView+Extension.swift */; };
		ABDAD7792652DCC400862243 /* InaeTagCell.swift in Sources */ = {isa = PBXBuildFile; fileRef = ABDAD7772652DCC400862243 /* InaeTagCell.swift */; };
		ABDAD77E2652E4BD00862243 /* Lato-Regular.ttf in Resources */ = {isa = PBXBuildFile; fileRef = ABDAD77D2652E4BD00862243 /* Lato-Regular.ttf */; };
		ABDAD79126541DB900862243 /* InaeBookCell.swift in Sources */ = {isa = PBXBuildFile; fileRef = ABDAD79026541DB900862243 /* InaeBookCell.swift */; };
		ABE44E8E264FA96000E0FF56 /* AppDelegate.swift in Sources */ = {isa = PBXBuildFile; fileRef = ABE44E8D264FA96000E0FF56 /* AppDelegate.swift */; };
		ABE44E90264FA96000E0FF56 /* SceneDelegate.swift in Sources */ = {isa = PBXBuildFile; fileRef = ABE44E8F264FA96000E0FF56 /* SceneDelegate.swift */; };
		ABE44E95264FA96000E0FF56 /* Main.storyboard in Resources */ = {isa = PBXBuildFile; fileRef = ABE44E93264FA96000E0FF56 /* Main.storyboard */; };
		ABE44E97264FA96200E0FF56 /* Assets.xcassets in Resources */ = {isa = PBXBuildFile; fileRef = ABE44E96264FA96200E0FF56 /* Assets.xcassets */; };
		ABE44E9A264FA96200E0FF56 /* LaunchScreen.storyboard in Resources */ = {isa = PBXBuildFile; fileRef = ABE44E98264FA96200E0FF56 /* LaunchScreen.storyboard */; };
		ABE44EB2264FABF400E0FF56 /* MyBookVC.swift in Sources */ = {isa = PBXBuildFile; fileRef = ABE44EB1264FABF400E0FF56 /* MyBookVC.swift */; };
		ABE44EB5264FAC1B00E0FF56 /* RuheeNoteVC.swift in Sources */ = {isa = PBXBuildFile; fileRef = ABE44EB4264FAC1B00E0FF56 /* RuheeNoteVC.swift */; };
		ABE44EB9264FAC3000E0FF56 /* InaeNoteVC.swift in Sources */ = {isa = PBXBuildFile; fileRef = ABE44EB8264FAC3000E0FF56 /* InaeNoteVC.swift */; };
		ABE44EBD264FAC4E00E0FF56 /* UIFont+Extension.swift in Sources */ = {isa = PBXBuildFile; fileRef = ABE44EBC264FAC4E00E0FF56 /* UIFont+Extension.swift */; };
		BB0EAECE2657B75C00282458 /* BookModel.swift in Sources */ = {isa = PBXBuildFile; fileRef = BB0EAECD2657B75C00282458 /* BookModel.swift */; };
		BB4E2F5D2663F9B000F46A87 /* BookListDataModel.swift in Sources */ = {isa = PBXBuildFile; fileRef = BB4E2F5C2663F9B000F46A87 /* BookListDataModel.swift */; };
		BB4E2F622663FDBB00F46A87 /* APIConstants.swift in Sources */ = {isa = PBXBuildFile; fileRef = BB4E2F612663FDBB00F46A87 /* APIConstants.swift */; };
		BB4E2F65266482F700F46A87 /* HighlightDataModel.swift in Sources */ = {isa = PBXBuildFile; fileRef = BB4E2F64266482F700F46A87 /* HighlightDataModel.swift */; };
		BB4E2F6C26649A0D00F46A87 /* NetworkResult.swift in Sources */ = {isa = PBXBuildFile; fileRef = BB4E2F6B26649A0C00F46A87 /* NetworkResult.swift */; };
		BBC25FEF26527EF00012AFA0 /* ProfileTableCell.swift in Sources */ = {isa = PBXBuildFile; fileRef = BBC25FEE26527EF00012AFA0 /* ProfileTableCell.swift */; };
		BBC25FF22652840A0012AFA0 /* ChipTableCell.swift in Sources */ = {isa = PBXBuildFile; fileRef = BBC25FF12652840A0012AFA0 /* ChipTableCell.swift */; };
		BBC25FF62652846F0012AFA0 /* BooklistTableCell.swift in Sources */ = {isa = PBXBuildFile; fileRef = BBC25FF52652846F0012AFA0 /* BooklistTableCell.swift */; };
		BBC2600C2652DA680012AFA0 /* ChipCollectionCell.swift in Sources */ = {isa = PBXBuildFile; fileRef = BBC2600B2652DA680012AFA0 /* ChipCollectionCell.swift */; };
		BBC26015265374E90012AFA0 /* MenuHeaderView.swift in Sources */ = {isa = PBXBuildFile; fileRef = BBC26014265374E90012AFA0 /* MenuHeaderView.swift */; };
		BBC2601A26543AC90012AFA0 /* BooklistmenuTableCell.swift in Sources */ = {isa = PBXBuildFile; fileRef = BBC2601926543AC90012AFA0 /* BooklistmenuTableCell.swift */; };
		CAAEBC245E0540C495357430 /* Pods_Millie_iOS.framework in Frameworks */ = {isa = PBXBuildFile; fileRef = 332338A5D4E19B2A1F7C4060 /* Pods_Millie_iOS.framework */; };
/* End PBXBuildFile section */

/* Begin PBXFileReference section */
		332338A5D4E19B2A1F7C4060 /* Pods_Millie_iOS.framework */ = {isa = PBXFileReference; explicitFileType = wrapper.framework; includeInIndex = 0; path = Pods_Millie_iOS.framework; sourceTree = BUILT_PRODUCTS_DIR; };
		343ECD8D327A061148247589 /* Pods-Millie_iOS.release.xcconfig */ = {isa = PBXFileReference; includeInIndex = 1; lastKnownFileType = text.xcconfig; name = "Pods-Millie_iOS.release.xcconfig"; path = "Target Support Files/Pods-Millie_iOS/Pods-Millie_iOS.release.xcconfig"; sourceTree = "<group>"; };
		482E13FD2653A42E00A26C2A /* MyLibraryViewController.swift */ = {isa = PBXFileReference; lastKnownFileType = sourcecode.swift; path = MyLibraryViewController.swift; sourceTree = "<group>"; };
		48720B3926663DEB0094FCFC /* GetHighlightDataService.swift */ = {isa = PBXFileReference; lastKnownFileType = sourcecode.swift; path = GetHighlightDataService.swift; sourceTree = "<group>"; };
		4887407F264FAFFE00997B82 /* Home.storyboard */ = {isa = PBXFileReference; lastKnownFileType = file.storyboard; path = Home.storyboard; sourceTree = "<group>"; };
		48874082264FB02100997B82 /* Feed.storyboard */ = {isa = PBXFileReference; lastKnownFileType = file.storyboard; path = Feed.storyboard; sourceTree = "<group>"; };
		48874085264FB03600997B82 /* MyLibrary.storyboard */ = {isa = PBXFileReference; lastKnownFileType = file.storyboard; path = MyLibrary.storyboard; sourceTree = "<group>"; };
		488F9FFD26552F8400D16876 /* commentTableViewCell.swift */ = {isa = PBXFileReference; lastKnownFileType = sourcecode.swift; path = commentTableViewCell.swift; sourceTree = "<group>"; };
		AB0E925D2667C44E00D56840 /* InaeBookService.swift */ = {isa = PBXFileReference; lastKnownFileType = sourcecode.swift; path = InaeBookService.swift; sourceTree = "<group>"; };
		ABD5810D2654D06800DDB0D3 /* Lato-Bold.ttf */ = {isa = PBXFileReference; lastKnownFileType = file; path = "Lato-Bold.ttf"; sourceTree = "<group>"; };
		ABD581102654D09F00DDB0D3 /* NotoSerifKR-Medium.otf */ = {isa = PBXFileReference; lastKnownFileType = file; path = "NotoSerifKR-Medium.otf"; sourceTree = "<group>"; };
		ABD581132654D39F00DDB0D3 /* UIColor+Extension.swift */ = {isa = PBXFileReference; lastKnownFileType = sourcecode.swift; path = "UIColor+Extension.swift"; sourceTree = "<group>"; };
		ABD5812C2655620900DDB0D3 /* TabBarController.swift */ = {isa = PBXFileReference; lastKnownFileType = sourcecode.swift; path = TabBarController.swift; sourceTree = "<group>"; };
		ABDAD7312652A07700862243 /* NotoSansKR-Bold.otf */ = {isa = PBXFileReference; lastKnownFileType = file; path = "NotoSansKR-Bold.otf"; sourceTree = "<group>"; };
		ABDAD7322652A07700862243 /* NotoSansKR-Medium.otf */ = {isa = PBXFileReference; lastKnownFileType = file; path = "NotoSansKR-Medium.otf"; sourceTree = "<group>"; };
		ABDAD7332652A07800862243 /* NotoSansKR-Regular.otf */ = {isa = PBXFileReference; lastKnownFileType = file; path = "NotoSansKR-Regular.otf"; sourceTree = "<group>"; };
		ABDAD7472652B21200862243 /* InaeNote.storyboard */ = {isa = PBXFileReference; lastKnownFileType = file.storyboard; path = InaeNote.storyboard; sourceTree = "<group>"; };
		ABDAD74E2652B84700862243 /* UIImage+Extension.swift */ = {isa = PBXFileReference; lastKnownFileType = sourcecode.swift; path = "UIImage+Extension.swift"; sourceTree = "<group>"; };
		ABDAD7512652B90A00862243 /* UIView+Extension.swift */ = {isa = PBXFileReference; lastKnownFileType = sourcecode.swift; path = "UIView+Extension.swift"; sourceTree = "<group>"; };
		ABDAD7772652DCC400862243 /* InaeTagCell.swift */ = {isa = PBXFileReference; lastKnownFileType = sourcecode.swift; path = InaeTagCell.swift; sourceTree = "<group>"; };
		ABDAD77D2652E4BD00862243 /* Lato-Regular.ttf */ = {isa = PBXFileReference; lastKnownFileType = file; path = "Lato-Regular.ttf"; sourceTree = "<group>"; };
		ABDAD79026541DB900862243 /* InaeBookCell.swift */ = {isa = PBXFileReference; lastKnownFileType = sourcecode.swift; path = InaeBookCell.swift; sourceTree = "<group>"; };
		ABE44E8A264FA96000E0FF56 /* Millie_iOS.app */ = {isa = PBXFileReference; explicitFileType = wrapper.application; includeInIndex = 0; path = Millie_iOS.app; sourceTree = BUILT_PRODUCTS_DIR; };
		ABE44E8D264FA96000E0FF56 /* AppDelegate.swift */ = {isa = PBXFileReference; lastKnownFileType = sourcecode.swift; path = AppDelegate.swift; sourceTree = "<group>"; };
		ABE44E8F264FA96000E0FF56 /* SceneDelegate.swift */ = {isa = PBXFileReference; lastKnownFileType = sourcecode.swift; path = SceneDelegate.swift; sourceTree = "<group>"; };
		ABE44E94264FA96000E0FF56 /* Base */ = {isa = PBXFileReference; lastKnownFileType = file.storyboard; name = Base; path = Base.lproj/Main.storyboard; sourceTree = "<group>"; };
		ABE44E96264FA96200E0FF56 /* Assets.xcassets */ = {isa = PBXFileReference; lastKnownFileType = folder.assetcatalog; path = Assets.xcassets; sourceTree = "<group>"; };
		ABE44E99264FA96200E0FF56 /* Base */ = {isa = PBXFileReference; lastKnownFileType = file.storyboard; name = Base; path = Base.lproj/LaunchScreen.storyboard; sourceTree = "<group>"; };
		ABE44E9B264FA96200E0FF56 /* Info.plist */ = {isa = PBXFileReference; lastKnownFileType = text.plist.xml; path = Info.plist; sourceTree = "<group>"; };
		ABE44EB1264FABF400E0FF56 /* MyBookVC.swift */ = {isa = PBXFileReference; lastKnownFileType = sourcecode.swift; path = MyBookVC.swift; sourceTree = "<group>"; };
		ABE44EB4264FAC1B00E0FF56 /* RuheeNoteVC.swift */ = {isa = PBXFileReference; lastKnownFileType = sourcecode.swift; path = RuheeNoteVC.swift; sourceTree = "<group>"; };
		ABE44EB8264FAC3000E0FF56 /* InaeNoteVC.swift */ = {isa = PBXFileReference; lastKnownFileType = sourcecode.swift; path = InaeNoteVC.swift; sourceTree = "<group>"; };
		ABE44EBC264FAC4E00E0FF56 /* UIFont+Extension.swift */ = {isa = PBXFileReference; lastKnownFileType = sourcecode.swift; path = "UIFont+Extension.swift"; sourceTree = "<group>"; };
		BB0EAECD2657B75C00282458 /* BookModel.swift */ = {isa = PBXFileReference; lastKnownFileType = sourcecode.swift; path = BookModel.swift; sourceTree = "<group>"; };
		BB4E2F5C2663F9B000F46A87 /* BookListDataModel.swift */ = {isa = PBXFileReference; lastKnownFileType = sourcecode.swift; path = BookListDataModel.swift; sourceTree = "<group>"; };
		BB4E2F612663FDBB00F46A87 /* APIConstants.swift */ = {isa = PBXFileReference; lastKnownFileType = sourcecode.swift; path = APIConstants.swift; sourceTree = "<group>"; };
		BB4E2F64266482F700F46A87 /* HighlightDataModel.swift */ = {isa = PBXFileReference; lastKnownFileType = sourcecode.swift; path = HighlightDataModel.swift; sourceTree = "<group>"; };
		BB4E2F6B26649A0C00F46A87 /* NetworkResult.swift */ = {isa = PBXFileReference; lastKnownFileType = sourcecode.swift; path = NetworkResult.swift; sourceTree = "<group>"; };
		BBC25FEE26527EF00012AFA0 /* ProfileTableCell.swift */ = {isa = PBXFileReference; lastKnownFileType = sourcecode.swift; path = ProfileTableCell.swift; sourceTree = "<group>"; };
		BBC25FF12652840A0012AFA0 /* ChipTableCell.swift */ = {isa = PBXFileReference; lastKnownFileType = sourcecode.swift; path = ChipTableCell.swift; sourceTree = "<group>"; };
		BBC25FF52652846F0012AFA0 /* BooklistTableCell.swift */ = {isa = PBXFileReference; lastKnownFileType = sourcecode.swift; path = BooklistTableCell.swift; sourceTree = "<group>"; };
		BBC2600B2652DA680012AFA0 /* ChipCollectionCell.swift */ = {isa = PBXFileReference; lastKnownFileType = sourcecode.swift; path = ChipCollectionCell.swift; sourceTree = "<group>"; };
		BBC26014265374E90012AFA0 /* MenuHeaderView.swift */ = {isa = PBXFileReference; lastKnownFileType = sourcecode.swift; path = MenuHeaderView.swift; sourceTree = "<group>"; };
		BBC2601926543AC90012AFA0 /* BooklistmenuTableCell.swift */ = {isa = PBXFileReference; lastKnownFileType = sourcecode.swift; path = BooklistmenuTableCell.swift; sourceTree = "<group>"; };
		C1CE98EBF8BFA4C8933C757B /* Pods-Millie_iOS.debug.xcconfig */ = {isa = PBXFileReference; includeInIndex = 1; lastKnownFileType = text.xcconfig; name = "Pods-Millie_iOS.debug.xcconfig"; path = "Target Support Files/Pods-Millie_iOS/Pods-Millie_iOS.debug.xcconfig"; sourceTree = "<group>"; };
/* End PBXFileReference section */

/* Begin PBXFrameworksBuildPhase section */
		ABE44E87264FA96000E0FF56 /* Frameworks */ = {
			isa = PBXFrameworksBuildPhase;
			buildActionMask = 2147483647;
			files = (
				CAAEBC245E0540C495357430 /* Pods_Millie_iOS.framework in Frameworks */,
			);
			runOnlyForDeploymentPostprocessing = 0;
		};
/* End PBXFrameworksBuildPhase section */

/* Begin PBXGroup section */
		40326AB0F9DE5B3C96F41431 /* Frameworks */ = {
			isa = PBXGroup;
			children = (
				332338A5D4E19B2A1F7C4060 /* Pods_Millie_iOS.framework */,
			);
			name = Frameworks;
			sourceTree = "<group>";
		};
		48720B3826663C100094FCFC /* Network */ = {
			isa = PBXGroup;
			children = (
				48720B3926663DEB0094FCFC /* GetHighlightDataService.swift */,
			);
			path = Network;
			sourceTree = "<group>";
		};
		4887407C264FAFA800997B82 /* Storyboard */ = {
			isa = PBXGroup;
			children = (
				4887407F264FAFFE00997B82 /* Home.storyboard */,
				48874082264FB02100997B82 /* Feed.storyboard */,
				48874085264FB03600997B82 /* MyLibrary.storyboard */,
			);
			path = Storyboard;
			sourceTree = "<group>";
		};
		4887407E264FAFC200997B82 /* VCs */ = {
			isa = PBXGroup;
			children = (
				482E13FD2653A42E00A26C2A /* MyLibraryViewController.swift */,
			);
			path = VCs;
			sourceTree = "<group>";
		};
		488F9FFA2655290600D16876 /* Cell */ = {
			isa = PBXGroup;
			children = (
				488F9FFD26552F8400D16876 /* commentTableViewCell.swift */,
			);
			path = Cell;
			sourceTree = "<group>";
		};
		746389489ED4D0FBA94C1EF6 /* Pods */ = {
			isa = PBXGroup;
			children = (
				C1CE98EBF8BFA4C8933C757B /* Pods-Millie_iOS.debug.xcconfig */,
				343ECD8D327A061148247589 /* Pods-Millie_iOS.release.xcconfig */,
			);
			path = Pods;
			sourceTree = "<group>";
		};
		AB0E925C2667C41F00D56840 /* Network */ = {
			isa = PBXGroup;
			children = (
				AB0E925D2667C44E00D56840 /* InaeBookService.swift */,
			);
			path = Network;
			sourceTree = "<group>";
		};
		ABDAD73026529FC800862243 /* Fonts */ = {
			isa = PBXGroup;
			children = (
				ABDAD7312652A07700862243 /* NotoSansKR-Bold.otf */,
				ABDAD7322652A07700862243 /* NotoSansKR-Medium.otf */,
				ABDAD7332652A07800862243 /* NotoSansKR-Regular.otf */,
				ABDAD77D2652E4BD00862243 /* Lato-Regular.ttf */,
				ABD5810D2654D06800DDB0D3 /* Lato-Bold.ttf */,
				ABD581102654D09F00DDB0D3 /* NotoSerifKR-Medium.otf */,
			);
			path = Fonts;
			sourceTree = "<group>";
		};
		ABDAD7452652A9BB00862243 /* Cell */ = {
			isa = PBXGroup;
			children = (
				ABDAD7772652DCC400862243 /* InaeTagCell.swift */,
				ABDAD79026541DB900862243 /* InaeBookCell.swift */,
			);
			path = Cell;
			sourceTree = "<group>";
		};
		ABE44E81264FA96000E0FF56 = {
			isa = PBXGroup;
			children = (
				ABE44E8C264FA96000E0FF56 /* Millie_iOS */,
				ABE44E8B264FA96000E0FF56 /* Products */,
				746389489ED4D0FBA94C1EF6 /* Pods */,
				40326AB0F9DE5B3C96F41431 /* Frameworks */,
			);
			sourceTree = "<group>";
		};
		ABE44E8B264FA96000E0FF56 /* Products */ = {
			isa = PBXGroup;
			children = (
				ABE44E8A264FA96000E0FF56 /* Millie_iOS.app */,
			);
			name = Products;
			sourceTree = "<group>";
		};
		ABE44E8C264FA96000E0FF56 /* Millie_iOS */ = {
			isa = PBXGroup;
			children = (
				BB4E2F5B2663F1D500F46A87 /* Network */,
				ABDAD73026529FC800862243 /* Fonts */,
				ABE44EBB264FAC3700E0FF56 /* Extension */,
				ABE44EA4264FAB5C00E0FF56 /* Yeonseo */,
				ABE44EA3264FAB5900E0FF56 /* Ruhee */,
				ABE44EA2264FAB4B00E0FF56 /* Inae */,
				ABE44E8D264FA96000E0FF56 /* AppDelegate.swift */,
				ABE44E8F264FA96000E0FF56 /* SceneDelegate.swift */,
				ABE44E93264FA96000E0FF56 /* Main.storyboard */,
				ABE44E96264FA96200E0FF56 /* Assets.xcassets */,
				ABE44E98264FA96200E0FF56 /* LaunchScreen.storyboard */,
				ABE44E9B264FA96200E0FF56 /* Info.plist */,
				ABD5812C2655620900DDB0D3 /* TabBarController.swift */,
			);
			path = Millie_iOS;
			sourceTree = "<group>";
		};
		ABE44EA2264FAB4B00E0FF56 /* Inae */ = {
			isa = PBXGroup;
			children = (
				AB0E925C2667C41F00D56840 /* Network */,
				ABDAD7452652A9BB00862243 /* Cell */,
				ABE44EB8264FAC3000E0FF56 /* InaeNoteVC.swift */,
				ABDAD7472652B21200862243 /* InaeNote.storyboard */,
			);
			path = Inae;
			sourceTree = "<group>";
		};
		ABE44EA3264FAB5900E0FF56 /* Ruhee */ = {
			isa = PBXGroup;
			children = (
				BB0EAECC2657B74500282458 /* Model */,
				BBC25FE026523E760012AFA0 /* VC */,
				BBC26017265374EF0012AFA0 /* View */,
				BBC25FDF26523E6E0012AFA0 /* Cells */,
			);
			path = Ruhee;
			sourceTree = "<group>";
		};
		ABE44EA4264FAB5C00E0FF56 /* Yeonseo */ = {
			isa = PBXGroup;
			children = (
				48720B3826663C100094FCFC /* Network */,
				488F9FFA2655290600D16876 /* Cell */,
				4887407E264FAFC200997B82 /* VCs */,
				4887407C264FAFA800997B82 /* Storyboard */,
				ABE44EB1264FABF400E0FF56 /* MyBookVC.swift */,
			);
			path = Yeonseo;
			sourceTree = "<group>";
		};
		ABE44EBB264FAC3700E0FF56 /* Extension */ = {
			isa = PBXGroup;
			children = (
				ABE44EBC264FAC4E00E0FF56 /* UIFont+Extension.swift */,
				ABDAD74E2652B84700862243 /* UIImage+Extension.swift */,
				ABDAD7512652B90A00862243 /* UIView+Extension.swift */,
				ABD581132654D39F00DDB0D3 /* UIColor+Extension.swift */,
			);
			path = Extension;
			sourceTree = "<group>";
		};
		BB0EAECC2657B74500282458 /* Model */ = {
			isa = PBXGroup;
			children = (
				BB0EAECD2657B75C00282458 /* BookModel.swift */,
			);
			path = Model;
			sourceTree = "<group>";
		};
		BB4E2F5B2663F1D500F46A87 /* Network */ = {
			isa = PBXGroup;
			children = (
				BB4E2F6B26649A0C00F46A87 /* NetworkResult.swift */,
				BB4E2F612663FDBB00F46A87 /* APIConstants.swift */,
				BB4E2F5C2663F9B000F46A87 /* BookListDataModel.swift */,
				BB4E2F64266482F700F46A87 /* HighlightDataModel.swift */,
			);
			path = Network;
			sourceTree = "<group>";
		};
		BBC25FDF26523E6E0012AFA0 /* Cells */ = {
			isa = PBXGroup;
			children = (
				BBC25FEE26527EF00012AFA0 /* ProfileTableCell.swift */,
				BBC25FF12652840A0012AFA0 /* ChipTableCell.swift */,
				BBC2600B2652DA680012AFA0 /* ChipCollectionCell.swift */,
				BBC2601926543AC90012AFA0 /* BooklistmenuTableCell.swift */,
				BBC25FF52652846F0012AFA0 /* BooklistTableCell.swift */,
			);
			path = Cells;
			sourceTree = "<group>";
		};
		BBC25FE026523E760012AFA0 /* VC */ = {
			isa = PBXGroup;
			children = (
				ABE44EB4264FAC1B00E0FF56 /* RuheeNoteVC.swift */,
			);
			path = VC;
			sourceTree = "<group>";
		};
		BBC26017265374EF0012AFA0 /* View */ = {
			isa = PBXGroup;
			children = (
				BBC26014265374E90012AFA0 /* MenuHeaderView.swift */,
			);
			path = View;
			sourceTree = "<group>";
		};
/* End PBXGroup section */

/* Begin PBXNativeTarget section */
		ABE44E89264FA96000E0FF56 /* Millie_iOS */ = {
			isa = PBXNativeTarget;
			buildConfigurationList = ABE44E9E264FA96200E0FF56 /* Build configuration list for PBXNativeTarget "Millie_iOS" */;
			buildPhases = (
				1E47CF43AAEBED9AD00129F7 /* [CP] Check Pods Manifest.lock */,
				ABE44E86264FA96000E0FF56 /* Sources */,
				ABE44E87264FA96000E0FF56 /* Frameworks */,
				ABE44E88264FA96000E0FF56 /* Resources */,
				E3EF6B1482D0159AB7F7AEB1 /* [CP] Embed Pods Frameworks */,
			);
			buildRules = (
			);
			dependencies = (
			);
			name = Millie_iOS;
			productName = Millie_iOS;
			productReference = ABE44E8A264FA96000E0FF56 /* Millie_iOS.app */;
			productType = "com.apple.product-type.application";
		};
/* End PBXNativeTarget section */

/* Begin PBXProject section */
		ABE44E82264FA96000E0FF56 /* Project object */ = {
			isa = PBXProject;
			attributes = {
				LastSwiftUpdateCheck = 1240;
				LastUpgradeCheck = 1240;
				TargetAttributes = {
					ABE44E89264FA96000E0FF56 = {
						CreatedOnToolsVersion = 12.4;
					};
				};
			};
			buildConfigurationList = ABE44E85264FA96000E0FF56 /* Build configuration list for PBXProject "Millie_iOS" */;
			compatibilityVersion = "Xcode 9.3";
			developmentRegion = en;
			hasScannedForEncodings = 0;
			knownRegions = (
				en,
				Base,
			);
			mainGroup = ABE44E81264FA96000E0FF56;
			productRefGroup = ABE44E8B264FA96000E0FF56 /* Products */;
			projectDirPath = "";
			projectRoot = "";
			targets = (
				ABE44E89264FA96000E0FF56 /* Millie_iOS */,
			);
		};
/* End PBXProject section */

/* Begin PBXResourcesBuildPhase section */
		ABE44E88264FA96000E0FF56 /* Resources */ = {
			isa = PBXResourcesBuildPhase;
			buildActionMask = 2147483647;
			files = (
				48874083264FB02100997B82 /* Feed.storyboard in Resources */,
				ABE44E9A264FA96200E0FF56 /* LaunchScreen.storyboard in Resources */,
				ABDAD7482652B21200862243 /* InaeNote.storyboard in Resources */,
				ABE44E97264FA96200E0FF56 /* Assets.xcassets in Resources */,
				ABDAD7352652A07800862243 /* NotoSansKR-Medium.otf in Resources */,
				ABD581112654D09F00DDB0D3 /* NotoSerifKR-Medium.otf in Resources */,
				ABDAD7342652A07800862243 /* NotoSansKR-Bold.otf in Resources */,
				ABDAD77E2652E4BD00862243 /* Lato-Regular.ttf in Resources */,
				ABDAD7362652A07800862243 /* NotoSansKR-Regular.otf in Resources */,
				ABE44E95264FA96000E0FF56 /* Main.storyboard in Resources */,
				48874086264FB03600997B82 /* MyLibrary.storyboard in Resources */,
				48874080264FAFFE00997B82 /* Home.storyboard in Resources */,
				ABD5810E2654D06800DDB0D3 /* Lato-Bold.ttf in Resources */,
			);
			runOnlyForDeploymentPostprocessing = 0;
		};
/* End PBXResourcesBuildPhase section */

/* Begin PBXShellScriptBuildPhase section */
		1E47CF43AAEBED9AD00129F7 /* [CP] Check Pods Manifest.lock */ = {
			isa = PBXShellScriptBuildPhase;
			buildActionMask = 2147483647;
			files = (
			);
			inputFileListPaths = (
			);
			inputPaths = (
				"${PODS_PODFILE_DIR_PATH}/Podfile.lock",
				"${PODS_ROOT}/Manifest.lock",
			);
			name = "[CP] Check Pods Manifest.lock";
			outputFileListPaths = (
			);
			outputPaths = (
				"$(DERIVED_FILE_DIR)/Pods-Millie_iOS-checkManifestLockResult.txt",
			);
			runOnlyForDeploymentPostprocessing = 0;
			shellPath = /bin/sh;
			shellScript = "diff \"${PODS_PODFILE_DIR_PATH}/Podfile.lock\" \"${PODS_ROOT}/Manifest.lock\" > /dev/null\nif [ $? != 0 ] ; then\n    # print error to STDERR\n    echo \"error: The sandbox is not in sync with the Podfile.lock. Run 'pod install' or update your CocoaPods installation.\" >&2\n    exit 1\nfi\n# This output is used by Xcode 'outputs' to avoid re-running this script phase.\necho \"SUCCESS\" > \"${SCRIPT_OUTPUT_FILE_0}\"\n";
			showEnvVarsInLog = 0;
		};
		E3EF6B1482D0159AB7F7AEB1 /* [CP] Embed Pods Frameworks */ = {
			isa = PBXShellScriptBuildPhase;
			buildActionMask = 2147483647;
			files = (
			);
			inputFileListPaths = (
				"${PODS_ROOT}/Target Support Files/Pods-Millie_iOS/Pods-Millie_iOS-frameworks-${CONFIGURATION}-input-files.xcfilelist",
			);
			name = "[CP] Embed Pods Frameworks";
			outputFileListPaths = (
				"${PODS_ROOT}/Target Support Files/Pods-Millie_iOS/Pods-Millie_iOS-frameworks-${CONFIGURATION}-output-files.xcfilelist",
			);
			runOnlyForDeploymentPostprocessing = 0;
			shellPath = /bin/sh;
			shellScript = "\"${PODS_ROOT}/Target Support Files/Pods-Millie_iOS/Pods-Millie_iOS-frameworks.sh\"\n";
			showEnvVarsInLog = 0;
		};
/* End PBXShellScriptBuildPhase section */

/* Begin PBXSourcesBuildPhase section */
		ABE44E86264FA96000E0FF56 /* Sources */ = {
			isa = PBXSourcesBuildPhase;
			buildActionMask = 2147483647;
			files = (
				BBC25FEF26527EF00012AFA0 /* ProfileTableCell.swift in Sources */,
				ABE44EBD264FAC4E00E0FF56 /* UIFont+Extension.swift in Sources */,
				BBC2601A26543AC90012AFA0 /* BooklistmenuTableCell.swift in Sources */,
				BBC25FF22652840A0012AFA0 /* ChipTableCell.swift in Sources */,
				BB0EAECE2657B75C00282458 /* BookModel.swift in Sources */,
				BBC25FF62652846F0012AFA0 /* BooklistTableCell.swift in Sources */,
				BB4E2F5D2663F9B000F46A87 /* BookListDataModel.swift in Sources */,
				ABD5812D2655620900DDB0D3 /* TabBarController.swift in Sources */,
				ABE44EB9264FAC3000E0FF56 /* InaeNoteVC.swift in Sources */,
				BBC2600C2652DA680012AFA0 /* ChipCollectionCell.swift in Sources */,
				ABDAD7792652DCC400862243 /* InaeTagCell.swift in Sources */,
				482E13FE2653A42E00A26C2A /* MyLibraryViewController.swift in Sources */,
				ABE44EB9264FAC3000E0FF56 /* InaeNoteVC.swift in Sources */,
				ABDAD7522652B90A00862243 /* UIView+Extension.swift in Sources */,
				ABDAD74F2652B84700862243 /* UIImage+Extension.swift in Sources */,
				ABE44EB5264FAC1B00E0FF56 /* RuheeNoteVC.swift in Sources */,
				BBC26015265374E90012AFA0 /* MenuHeaderView.swift in Sources */,
				ABE44E8E264FA96000E0FF56 /* AppDelegate.swift in Sources */,
				488F9FFE26552F8400D16876 /* commentTableViewCell.swift in Sources */,
				48720B3A26663DEB0094FCFC /* GetHighlightDataService.swift in Sources */,
				BB4E2F6C26649A0D00F46A87 /* NetworkResult.swift in Sources */,
				AB0E925E2667C44E00D56840 /* InaeBookService.swift in Sources */,
				ABE44E90264FA96000E0FF56 /* SceneDelegate.swift in Sources */,
				BB4E2F622663FDBB00F46A87 /* APIConstants.swift in Sources */,
				ABDAD79126541DB900862243 /* InaeBookCell.swift in Sources */,
				BB4E2F65266482F700F46A87 /* HighlightDataModel.swift in Sources */,
				ABE44EB2264FABF400E0FF56 /* MyBookVC.swift in Sources */,
				ABD581142654D39F00DDB0D3 /* UIColor+Extension.swift in Sources */,
			);
			runOnlyForDeploymentPostprocessing = 0;
		};
/* End PBXSourcesBuildPhase section */

/* Begin PBXVariantGroup section */
		ABE44E93264FA96000E0FF56 /* Main.storyboard */ = {
			isa = PBXVariantGroup;
			children = (
				ABE44E94264FA96000E0FF56 /* Base */,
			);
			name = Main.storyboard;
			sourceTree = "<group>";
		};
		ABE44E98264FA96200E0FF56 /* LaunchScreen.storyboard */ = {
			isa = PBXVariantGroup;
			children = (
				ABE44E99264FA96200E0FF56 /* Base */,
			);
			name = LaunchScreen.storyboard;
			sourceTree = "<group>";
		};
/* End PBXVariantGroup section */

/* Begin XCBuildConfiguration section */
		ABE44E9C264FA96200E0FF56 /* Debug */ = {
			isa = XCBuildConfiguration;
			buildSettings = {
				ALWAYS_SEARCH_USER_PATHS = NO;
				CLANG_ANALYZER_NONNULL = YES;
				CLANG_ANALYZER_NUMBER_OBJECT_CONVERSION = YES_AGGRESSIVE;
				CLANG_CXX_LANGUAGE_STANDARD = "gnu++14";
				CLANG_CXX_LIBRARY = "libc++";
				CLANG_ENABLE_MODULES = YES;
				CLANG_ENABLE_OBJC_ARC = YES;
				CLANG_ENABLE_OBJC_WEAK = YES;
				CLANG_WARN_BLOCK_CAPTURE_AUTORELEASING = YES;
				CLANG_WARN_BOOL_CONVERSION = YES;
				CLANG_WARN_COMMA = YES;
				CLANG_WARN_CONSTANT_CONVERSION = YES;
				CLANG_WARN_DEPRECATED_OBJC_IMPLEMENTATIONS = YES;
				CLANG_WARN_DIRECT_OBJC_ISA_USAGE = YES_ERROR;
				CLANG_WARN_DOCUMENTATION_COMMENTS = YES;
				CLANG_WARN_EMPTY_BODY = YES;
				CLANG_WARN_ENUM_CONVERSION = YES;
				CLANG_WARN_INFINITE_RECURSION = YES;
				CLANG_WARN_INT_CONVERSION = YES;
				CLANG_WARN_NON_LITERAL_NULL_CONVERSION = YES;
				CLANG_WARN_OBJC_IMPLICIT_RETAIN_SELF = YES;
				CLANG_WARN_OBJC_LITERAL_CONVERSION = YES;
				CLANG_WARN_OBJC_ROOT_CLASS = YES_ERROR;
				CLANG_WARN_QUOTED_INCLUDE_IN_FRAMEWORK_HEADER = YES;
				CLANG_WARN_RANGE_LOOP_ANALYSIS = YES;
				CLANG_WARN_STRICT_PROTOTYPES = YES;
				CLANG_WARN_SUSPICIOUS_MOVE = YES;
				CLANG_WARN_UNGUARDED_AVAILABILITY = YES_AGGRESSIVE;
				CLANG_WARN_UNREACHABLE_CODE = YES;
				CLANG_WARN__DUPLICATE_METHOD_MATCH = YES;
				COPY_PHASE_STRIP = NO;
				DEBUG_INFORMATION_FORMAT = dwarf;
				ENABLE_STRICT_OBJC_MSGSEND = YES;
				ENABLE_TESTABILITY = YES;
				GCC_C_LANGUAGE_STANDARD = gnu11;
				GCC_DYNAMIC_NO_PIC = NO;
				GCC_NO_COMMON_BLOCKS = YES;
				GCC_OPTIMIZATION_LEVEL = 0;
				GCC_PREPROCESSOR_DEFINITIONS = (
					"DEBUG=1",
					"$(inherited)",
				);
				GCC_WARN_64_TO_32_BIT_CONVERSION = YES;
				GCC_WARN_ABOUT_RETURN_TYPE = YES_ERROR;
				GCC_WARN_UNDECLARED_SELECTOR = YES;
				GCC_WARN_UNINITIALIZED_AUTOS = YES_AGGRESSIVE;
				GCC_WARN_UNUSED_FUNCTION = YES;
				GCC_WARN_UNUSED_VARIABLE = YES;
				IPHONEOS_DEPLOYMENT_TARGET = 13.6;
				MTL_ENABLE_DEBUG_INFO = INCLUDE_SOURCE;
				MTL_FAST_MATH = YES;
				ONLY_ACTIVE_ARCH = YES;
				SDKROOT = iphoneos;
				SWIFT_ACTIVE_COMPILATION_CONDITIONS = DEBUG;
				SWIFT_OPTIMIZATION_LEVEL = "-Onone";
			};
			name = Debug;
		};
		ABE44E9D264FA96200E0FF56 /* Release */ = {
			isa = XCBuildConfiguration;
			buildSettings = {
				ALWAYS_SEARCH_USER_PATHS = NO;
				CLANG_ANALYZER_NONNULL = YES;
				CLANG_ANALYZER_NUMBER_OBJECT_CONVERSION = YES_AGGRESSIVE;
				CLANG_CXX_LANGUAGE_STANDARD = "gnu++14";
				CLANG_CXX_LIBRARY = "libc++";
				CLANG_ENABLE_MODULES = YES;
				CLANG_ENABLE_OBJC_ARC = YES;
				CLANG_ENABLE_OBJC_WEAK = YES;
				CLANG_WARN_BLOCK_CAPTURE_AUTORELEASING = YES;
				CLANG_WARN_BOOL_CONVERSION = YES;
				CLANG_WARN_COMMA = YES;
				CLANG_WARN_CONSTANT_CONVERSION = YES;
				CLANG_WARN_DEPRECATED_OBJC_IMPLEMENTATIONS = YES;
				CLANG_WARN_DIRECT_OBJC_ISA_USAGE = YES_ERROR;
				CLANG_WARN_DOCUMENTATION_COMMENTS = YES;
				CLANG_WARN_EMPTY_BODY = YES;
				CLANG_WARN_ENUM_CONVERSION = YES;
				CLANG_WARN_INFINITE_RECURSION = YES;
				CLANG_WARN_INT_CONVERSION = YES;
				CLANG_WARN_NON_LITERAL_NULL_CONVERSION = YES;
				CLANG_WARN_OBJC_IMPLICIT_RETAIN_SELF = YES;
				CLANG_WARN_OBJC_LITERAL_CONVERSION = YES;
				CLANG_WARN_OBJC_ROOT_CLASS = YES_ERROR;
				CLANG_WARN_QUOTED_INCLUDE_IN_FRAMEWORK_HEADER = YES;
				CLANG_WARN_RANGE_LOOP_ANALYSIS = YES;
				CLANG_WARN_STRICT_PROTOTYPES = YES;
				CLANG_WARN_SUSPICIOUS_MOVE = YES;
				CLANG_WARN_UNGUARDED_AVAILABILITY = YES_AGGRESSIVE;
				CLANG_WARN_UNREACHABLE_CODE = YES;
				CLANG_WARN__DUPLICATE_METHOD_MATCH = YES;
				COPY_PHASE_STRIP = NO;
				DEBUG_INFORMATION_FORMAT = "dwarf-with-dsym";
				ENABLE_NS_ASSERTIONS = NO;
				ENABLE_STRICT_OBJC_MSGSEND = YES;
				GCC_C_LANGUAGE_STANDARD = gnu11;
				GCC_NO_COMMON_BLOCKS = YES;
				GCC_WARN_64_TO_32_BIT_CONVERSION = YES;
				GCC_WARN_ABOUT_RETURN_TYPE = YES_ERROR;
				GCC_WARN_UNDECLARED_SELECTOR = YES;
				GCC_WARN_UNINITIALIZED_AUTOS = YES_AGGRESSIVE;
				GCC_WARN_UNUSED_FUNCTION = YES;
				GCC_WARN_UNUSED_VARIABLE = YES;
				IPHONEOS_DEPLOYMENT_TARGET = 13.6;
				MTL_ENABLE_DEBUG_INFO = NO;
				MTL_FAST_MATH = YES;
				SDKROOT = iphoneos;
				SWIFT_COMPILATION_MODE = wholemodule;
				SWIFT_OPTIMIZATION_LEVEL = "-O";
				VALIDATE_PRODUCT = YES;
			};
			name = Release;
		};
		ABE44E9F264FA96200E0FF56 /* Debug */ = {
			isa = XCBuildConfiguration;
			baseConfigurationReference = C1CE98EBF8BFA4C8933C757B /* Pods-Millie_iOS.debug.xcconfig */;
			buildSettings = {
				ASSETCATALOG_COMPILER_APPICON_NAME = AppIcon;
				ASSETCATALOG_COMPILER_GLOBAL_ACCENT_COLOR_NAME = AccentColor;
				CODE_SIGN_STYLE = Automatic;
				DEVELOPMENT_TEAM = G7SD8523Y3;
				INFOPLIST_FILE = Millie_iOS/Info.plist;
				IPHONEOS_DEPLOYMENT_TARGET = 13.6;
				LD_RUNPATH_SEARCH_PATHS = (
					"$(inherited)",
					"@executable_path/Frameworks",
				);
				PRODUCT_BUNDLE_IDENTIFIER = "ruhee.Millie-iOS";
				PRODUCT_NAME = "$(TARGET_NAME)";
				SWIFT_VERSION = 5.0;
				TARGETED_DEVICE_FAMILY = "1,2";
			};
			name = Debug;
		};
		ABE44EA0264FA96200E0FF56 /* Release */ = {
			isa = XCBuildConfiguration;
			baseConfigurationReference = 343ECD8D327A061148247589 /* Pods-Millie_iOS.release.xcconfig */;
			buildSettings = {
				ASSETCATALOG_COMPILER_APPICON_NAME = AppIcon;
				ASSETCATALOG_COMPILER_GLOBAL_ACCENT_COLOR_NAME = AccentColor;
				CODE_SIGN_STYLE = Automatic;
				DEVELOPMENT_TEAM = G7SD8523Y3;
				INFOPLIST_FILE = Millie_iOS/Info.plist;
				IPHONEOS_DEPLOYMENT_TARGET = 13.6;
				LD_RUNPATH_SEARCH_PATHS = (
					"$(inherited)",
					"@executable_path/Frameworks",
				);
				PRODUCT_BUNDLE_IDENTIFIER = "ruhee.Millie-iOS";
				PRODUCT_NAME = "$(TARGET_NAME)";
				SWIFT_VERSION = 5.0;
				TARGETED_DEVICE_FAMILY = "1,2";
			};
			name = Release;
		};
/* End XCBuildConfiguration section */

/* Begin XCConfigurationList section */
		ABE44E85264FA96000E0FF56 /* Build configuration list for PBXProject "Millie_iOS" */ = {
			isa = XCConfigurationList;
			buildConfigurations = (
				ABE44E9C264FA96200E0FF56 /* Debug */,
				ABE44E9D264FA96200E0FF56 /* Release */,
			);
			defaultConfigurationIsVisible = 0;
			defaultConfigurationName = Release;
		};
		ABE44E9E264FA96200E0FF56 /* Build configuration list for PBXNativeTarget "Millie_iOS" */ = {
			isa = XCConfigurationList;
			buildConfigurations = (
				ABE44E9F264FA96200E0FF56 /* Debug */,
				ABE44EA0264FA96200E0FF56 /* Release */,
			);
			defaultConfigurationIsVisible = 0;
			defaultConfigurationName = Release;
		};
/* End XCConfigurationList section */
	};
	rootObject = ABE44E82264FA96000E0FF56 /* Project object */;
}
